{
  "requires": true,
  "lockfileVersion": 1,
  "dependencies": {
    "threex.videotexture": {
      "version": "1.0.0",
      "resolved": "https://registry.npmjs.org/threex.videotexture/-/threex.videotexture-1.0.0.tgz",
      "integrity": "sha512-EBSVri5vOQn4hEV0HEfD5TPvBL7zddV3Vofwcs2o2lgYdib67BSfJS7sSUglEWPnTHtIhWhpnrscfYR17yY5WA=="
    }
  }
}
